// !$*UTF8*$!
{
	archiveVersion = 1;
	classes = {
	};
	objectVersion = 50;
	objects = {

/* Begin PBXBuildFile section */
		24090EBE262226FB009E6243 /* GithubURLManager.swift in Sources */ = {isa = PBXBuildFile; fileRef = 24090EBD262226FB009E6243 /* GithubURLManager.swift */; };
		24090EC12622288B009E6243 /* GithubData.swift in Sources */ = {isa = PBXBuildFile; fileRef = 24090EC02622288B009E6243 /* GithubData.swift */; };
		24090ECA26223F35009E6243 /* ListViewController.swift in Sources */ = {isa = PBXBuildFile; fileRef = 24090EC926223F35009E6243 /* ListViewController.swift */; };
		24090ED126225629009E6243 /* GithubUserData.swift in Sources */ = {isa = PBXBuildFile; fileRef = 24090ED026225629009E6243 /* GithubUserData.swift */; };
		24279D142625F72200DA0012 /* GithubUserModel.swift in Sources */ = {isa = PBXBuildFile; fileRef = 24279D132625F72200DA0012 /* GithubUserModel.swift */; };
		24279D1B26266BB000DA0012 /* Main.storyboard in Resources */ = {isa = PBXBuildFile; fileRef = 24279D1926266BB000DA0012 /* Main.storyboard */; };
		24AD456E2621FCE80080C38D /* AppDelegate.swift in Sources */ = {isa = PBXBuildFile; fileRef = 24AD456D2621FCE80080C38D /* AppDelegate.swift */; };
		24AD45702621FCE80080C38D /* SceneDelegate.swift in Sources */ = {isa = PBXBuildFile; fileRef = 24AD456F2621FCE80080C38D /* SceneDelegate.swift */; };
		24AD45722621FCE80080C38D /* ViewController.swift in Sources */ = {isa = PBXBuildFile; fileRef = 24AD45712621FCE80080C38D /* ViewController.swift */; };
		24AD45772621FCEE0080C38D /* Assets.xcassets in Resources */ = {isa = PBXBuildFile; fileRef = 24AD45762621FCEE0080C38D /* Assets.xcassets */; };
		24AD457A2621FCEE0080C38D /* LaunchScreen.storyboard in Resources */ = {isa = PBXBuildFile; fileRef = 24AD45782621FCEE0080C38D /* LaunchScreen.storyboard */; };
/* End PBXBuildFile section */

/* Begin PBXFileReference section */
		24090EBD262226FB009E6243 /* GithubURLManager.swift */ = {isa = PBXFileReference; lastKnownFileType = sourcecode.swift; path = GithubURLManager.swift; sourceTree = "<group>"; };
		24090EC02622288B009E6243 /* GithubData.swift */ = {isa = PBXFileReference; lastKnownFileType = sourcecode.swift; path = GithubData.swift; sourceTree = "<group>"; };
		24090EC926223F35009E6243 /* ListViewController.swift */ = {isa = PBXFileReference; lastKnownFileType = sourcecode.swift; path = ListViewController.swift; sourceTree = "<group>"; };
		24090ED026225629009E6243 /* GithubUserData.swift */ = {isa = PBXFileReference; lastKnownFileType = sourcecode.swift; path = GithubUserData.swift; sourceTree = "<group>"; };
		24279D132625F72200DA0012 /* GithubUserModel.swift */ = {isa = PBXFileReference; lastKnownFileType = sourcecode.swift; path = GithubUserModel.swift; sourceTree = "<group>"; };
		24279D1A26266BB000DA0012 /* Base */ = {isa = PBXFileReference; lastKnownFileType = file.storyboard; name = Base; path = Base.lproj/Main.storyboard; sourceTree = "<group>"; };
		24AD456A2621FCE80080C38D /* Github Users.app */ = {isa = PBXFileReference; explicitFileType = wrapper.application; includeInIndex = 0; path = "Github Users.app"; sourceTree = BUILT_PRODUCTS_DIR; };
		24AD456D2621FCE80080C38D /* AppDelegate.swift */ = {isa = PBXFileReference; lastKnownFileType = sourcecode.swift; path = AppDelegate.swift; sourceTree = "<group>"; };
		24AD456F2621FCE80080C38D /* SceneDelegate.swift */ = {isa = PBXFileReference; lastKnownFileType = sourcecode.swift; path = SceneDelegate.swift; sourceTree = "<group>"; };
		24AD45712621FCE80080C38D /* ViewController.swift */ = {isa = PBXFileReference; lastKnownFileType = sourcecode.swift; path = ViewController.swift; sourceTree = "<group>"; };
		24AD45762621FCEE0080C38D /* Assets.xcassets */ = {isa = PBXFileReference; lastKnownFileType = folder.assetcatalog; path = Assets.xcassets; sourceTree = "<group>"; };
		24AD45792621FCEE0080C38D /* Base */ = {isa = PBXFileReference; lastKnownFileType = file.storyboard; name = Base; path = Base.lproj/LaunchScreen.storyboard; sourceTree = "<group>"; };
		24AD457B2621FCEE0080C38D /* Info.plist */ = {isa = PBXFileReference; lastKnownFileType = text.plist.xml; path = Info.plist; sourceTree = "<group>"; };
/* End PBXFileReference section */

/* Begin PBXFrameworksBuildPhase section */
		24AD45672621FCE80080C38D /* Frameworks */ = {
			isa = PBXFrameworksBuildPhase;
			buildActionMask = 2147483647;
			files = (
			);
			runOnlyForDeploymentPostprocessing = 0;
		};
/* End PBXFrameworksBuildPhase section */

/* Begin PBXGroup section */
		24AD45612621FCE80080C38D = {
			isa = PBXGroup;
			children = (
				24AD456C2621FCE80080C38D /* Github Users */,
				24AD456B2621FCE80080C38D /* Products */,
			);
			sourceTree = "<group>";
		};
		24AD456B2621FCE80080C38D /* Products */ = {
			isa = PBXGroup;
			children = (
				24AD456A2621FCE80080C38D /* Github Users.app */,
			);
			name = Products;
			sourceTree = "<group>";
		};
		24AD456C2621FCE80080C38D /* Github Users */ = {
			isa = PBXGroup;
			children = (
				24AD45842621FD130080C38D /* Controller */,
				24AD45832621FD0E0080C38D /* View */,
				24AD45822621FD090080C38D /* Model */,
				24AD456D2621FCE80080C38D /* AppDelegate.swift */,
				24AD456F2621FCE80080C38D /* SceneDelegate.swift */,
				24AD45762621FCEE0080C38D /* Assets.xcassets */,
				24AD457B2621FCEE0080C38D /* Info.plist */,
			);
			path = "Github Users";
			sourceTree = "<group>";
		};
		24AD45822621FD090080C38D /* Model */ = {
			isa = PBXGroup;
			children = (
				24090EBD262226FB009E6243 /* GithubURLManager.swift */,
				24090ED026225629009E6243 /* GithubUserData.swift */,
				24090EC02622288B009E6243 /* GithubData.swift */,
				24279D132625F72200DA0012 /* GithubUserModel.swift */,
			);
			path = Model;
			sourceTree = "<group>";
		};
		24AD45832621FD0E0080C38D /* View */ = {
			isa = PBXGroup;
			children = (
				24279D1926266BB000DA0012 /* Main.storyboard */,
				24AD45782621FCEE0080C38D /* LaunchScreen.storyboard */,
			);
			path = View;
			sourceTree = "<group>";
		};
		24AD45842621FD130080C38D /* Controller */ = {
			isa = PBXGroup;
			children = (
				24AD45712621FCE80080C38D /* ViewController.swift */,
				24090EC926223F35009E6243 /* ListViewController.swift */,
			);
			path = Controller;
			sourceTree = "<group>";
		};
/* End PBXGroup section */

/* Begin PBXNativeTarget section */
		24AD45692621FCE80080C38D /* Github Users */ = {
			isa = PBXNativeTarget;
			buildConfigurationList = 24AD457E2621FCEE0080C38D /* Build configuration list for PBXNativeTarget "Github Users" */;
			buildPhases = (
				24AD45662621FCE80080C38D /* Sources */,
				24AD45672621FCE80080C38D /* Frameworks */,
				24AD45682621FCE80080C38D /* Resources */,
			);
			buildRules = (
			);
			dependencies = (
			);
			name = "Github Users";
			productName = "Github Users";
			productReference = 24AD456A2621FCE80080C38D /* Github Users.app */;
			productType = "com.apple.product-type.application";
		};
/* End PBXNativeTarget section */

/* Begin PBXProject section */
		24AD45622621FCE80080C38D /* Project object */ = {
			isa = PBXProject;
			attributes = {
				LastSwiftUpdateCheck = 1210;
				LastUpgradeCheck = 1210;
				TargetAttributes = {
					24AD45692621FCE80080C38D = {
						CreatedOnToolsVersion = 12.1;
					};
				};
			};
			buildConfigurationList = 24AD45652621FCE80080C38D /* Build configuration list for PBXProject "Github Users" */;
			compatibilityVersion = "Xcode 9.3";
			developmentRegion = en;
			hasScannedForEncodings = 0;
			knownRegions = (
				en,
				Base,
			);
			mainGroup = 24AD45612621FCE80080C38D;
			productRefGroup = 24AD456B2621FCE80080C38D /* Products */;
			projectDirPath = "";
			projectRoot = "";
			targets = (
				24AD45692621FCE80080C38D /* Github Users */,
			);
		};
/* End PBXProject section */

/* Begin PBXResourcesBuildPhase section */
		24AD45682621FCE80080C38D /* Resources */ = {
			isa = PBXResourcesBuildPhase;
			buildActionMask = 2147483647;
			files = (
				24279D1B26266BB000DA0012 /* Main.storyboard in Resources */,
				24AD457A2621FCEE0080C38D /* LaunchScreen.storyboard in Resources */,
				24AD45772621FCEE0080C38D /* Assets.xcassets in Resources */,
			);
			runOnlyForDeploymentPostprocessing = 0;
		};
/* End PBXResourcesBuildPhase section */

/* Begin PBXSourcesBuildPhase section */
		24AD45662621FCE80080C38D /* Sources */ = {
			isa = PBXSourcesBuildPhase;
			buildActionMask = 2147483647;
			files = (
				24AD45722621FCE80080C38D /* ViewController.swift in Sources */,
				24AD456E2621FCE80080C38D /* AppDelegate.swift in Sources */,
				24090ECA26223F35009E6243 /* ListViewController.swift in Sources */,
				24279D142625F72200DA0012 /* GithubUserModel.swift in Sources */,
				24090EC12622288B009E6243 /* GithubData.swift in Sources */,
				24090ED126225629009E6243 /* GithubUserData.swift in Sources */,
				24090EBE262226FB009E6243 /* GithubURLManager.swift in Sources */,
				24AD45702621FCE80080C38D /* SceneDelegate.swift in Sources */,
			);
			runOnlyForDeploymentPostprocessing = 0;
		};
/* End PBXSourcesBuildPhase section */

/* Begin PBXVariantGroup section */
		24279D1926266BB000DA0012 /* Main.storyboard */ = {
			isa = PBXVariantGroup;
			children = (
				24279D1A26266BB000DA0012 /* Base */,
			);
			name = Main.storyboard;
			sourceTree = "<group>";
		};
		24AD45782621FCEE0080C38D /* LaunchScreen.storyboard */ = {
			isa = PBXVariantGroup;
			children = (
				24AD45792621FCEE0080C38D /* Base */,
			);
			name = LaunchScreen.storyboard;
			sourceTree = "<group>";
		};
/* End PBXVariantGroup section */

/* Begin XCBuildConfiguration section */
		24AD457C2621FCEE0080C38D /* Debug */ = {
			isa = XCBuildConfiguration;
			buildSettings = {
				ALWAYS_SEARCH_USER_PATHS = NO;
				CLANG_ANALYZER_NONNULL = YES;
				CLANG_ANALYZER_NUMBER_OBJECT_CONVERSION = YES_AGGRESSIVE;
				CLANG_CXX_LANGUAGE_STANDARD = "gnu++14";
				CLANG_CXX_LIBRARY = "libc++";
				CLANG_ENABLE_MODULES = YES;
				CLANG_ENABLE_OBJC_ARC = YES;
				CLANG_ENABLE_OBJC_WEAK = YES;
				CLANG_WARN_BLOCK_CAPTURE_AUTORELEASING = YES;
				CLANG_WARN_BOOL_CONVERSION = YES;
				CLANG_WARN_COMMA = YES;
				CLANG_WARN_CONSTANT_CONVERSION = YES;
				CLANG_WARN_DEPRECATED_OBJC_IMPLEMENTATIONS = YES;
				CLANG_WARN_DIRECT_OBJC_ISA_USAGE = YES_ERROR;
				CLANG_WARN_DOCUMENTATION_COMMENTS = YES;
				CLANG_WARN_EMPTY_BODY = YES;
				CLANG_WARN_ENUM_CONVERSION = YES;
				CLANG_WARN_INFINITE_RECURSION = YES;
				CLANG_WARN_INT_CONVERSION = YES;
				CLANG_WARN_NON_LITERAL_NULL_CONVERSION = YES;
				CLANG_WARN_OBJC_IMPLICIT_RETAIN_SELF = YES;
				CLANG_WARN_OBJC_LITERAL_CONVERSION = YES;
				CLANG_WARN_OBJC_ROOT_CLASS = YES_ERROR;
				CLANG_WARN_QUOTED_INCLUDE_IN_FRAMEWORK_HEADER = YES;
				CLANG_WARN_RANGE_LOOP_ANALYSIS = YES;
				CLANG_WARN_STRICT_PROTOTYPES = YES;
				CLANG_WARN_SUSPICIOUS_MOVE = YES;
				CLANG_WARN_UNGUARDED_AVAILABILITY = YES_AGGRESSIVE;
				CLANG_WARN_UNREACHABLE_CODE = YES;
				CLANG_WARN__DUPLICATE_METHOD_MATCH = YES;
				COPY_PHASE_STRIP = NO;
				DEBUG_INFORMATION_FORMAT = dwarf;
				ENABLE_STRICT_OBJC_MSGSEND = YES;
				ENABLE_TESTABILITY = YES;
				GCC_C_LANGUAGE_STANDARD = gnu11;
				GCC_DYNAMIC_NO_PIC = NO;
				GCC_NO_COMMON_BLOCKS = YES;
				GCC_OPTIMIZATION_LEVEL = 0;
				GCC_PREPROCESSOR_DEFINITIONS = (
					"DEBUG=1",
					"$(inherited)",
				);
				GCC_WARN_64_TO_32_BIT_CONVERSION = YES;
				GCC_WARN_ABOUT_RETURN_TYPE = YES_ERROR;
				GCC_WARN_UNDECLARED_SELECTOR = YES;
				GCC_WARN_UNINITIALIZED_AUTOS = YES_AGGRESSIVE;
				GCC_WARN_UNUSED_FUNCTION = YES;
				GCC_WARN_UNUSED_VARIABLE = YES;
				IPHONEOS_DEPLOYMENT_TARGET = 14.1;
				MTL_ENABLE_DEBUG_INFO = INCLUDE_SOURCE;
				MTL_FAST_MATH = YES;
				ONLY_ACTIVE_ARCH = YES;
				SDKROOT = iphoneos;
				SWIFT_ACTIVE_COMPILATION_CONDITIONS = DEBUG;
				SWIFT_OPTIMIZATION_LEVEL = "-Onone";
			};
			name = Debug;
		};
		24AD457D2621FCEE0080C38D /* Release */ = {
			isa = XCBuildConfiguration;
			buildSettings = {
				ALWAYS_SEARCH_USER_PATHS = NO;
				CLANG_ANALYZER_NONNULL = YES;
				CLANG_ANALYZER_NUMBER_OBJECT_CONVERSION = YES_AGGRESSIVE;
				CLANG_CXX_LANGUAGE_STANDARD = "gnu++14";
				CLANG_CXX_LIBRARY = "libc++";
				CLANG_ENABLE_MODULES = YES;
				CLANG_ENABLE_OBJC_ARC = YES;
				CLANG_ENABLE_OBJC_WEAK = YES;
				CLANG_WARN_BLOCK_CAPTURE_AUTORELEASING = YES;
				CLANG_WARN_BOOL_CONVERSION = YES;
				CLANG_WARN_COMMA = YES;
				CLANG_WARN_CONSTANT_CONVERSION = YES;
				CLANG_WARN_DEPRECATED_OBJC_IMPLEMENTATIONS = YES;
				CLANG_WARN_DIRECT_OBJC_ISA_USAGE = YES_ERROR;
				CLANG_WARN_DOCUMENTATION_COMMENTS = YES;
				CLANG_WARN_EMPTY_BODY = YES;
				CLANG_WARN_ENUM_CONVERSION = YES;
				CLANG_WARN_INFINITE_RECURSION = YES;
				CLANG_WARN_INT_CONVERSION = YES;
				CLANG_WARN_NON_LITERAL_NULL_CONVERSION = YES;
				CLANG_WARN_OBJC_IMPLICIT_RETAIN_SELF = YES;
				CLANG_WARN_OBJC_LITERAL_CONVERSION = YES;
				CLANG_WARN_OBJC_ROOT_CLASS = YES_ERROR;
				CLANG_WARN_QUOTED_INCLUDE_IN_FRAMEWORK_HEADER = YES;
				CLANG_WARN_RANGE_LOOP_ANALYSIS = YES;
				CLANG_WARN_STRICT_PROTOTYPES = YES;
				CLANG_WARN_SUSPICIOUS_MOVE = YES;
				CLANG_WARN_UNGUARDED_AVAILABILITY = YES_AGGRESSIVE;
				CLANG_WARN_UNREACHABLE_CODE = YES;
				CLANG_WARN__DUPLICATE_METHOD_MATCH = YES;
				COPY_PHASE_STRIP = NO;
				DEBUG_INFORMATION_FORMAT = "dwarf-with-dsym";
				ENABLE_NS_ASSERTIONS = NO;
				ENABLE_STRICT_OBJC_MSGSEND = YES;
				GCC_C_LANGUAGE_STANDARD = gnu11;
				GCC_NO_COMMON_BLOCKS = YES;
				GCC_WARN_64_TO_32_BIT_CONVERSION = YES;
				GCC_WARN_ABOUT_RETURN_TYPE = YES_ERROR;
				GCC_WARN_UNDECLARED_SELECTOR = YES;
				GCC_WARN_UNINITIALIZED_AUTOS = YES_AGGRESSIVE;
				GCC_WARN_UNUSED_FUNCTION = YES;
				GCC_WARN_UNUSED_VARIABLE = YES;
				IPHONEOS_DEPLOYMENT_TARGET = 14.1;
				MTL_ENABLE_DEBUG_INFO = NO;
				MTL_FAST_MATH = YES;
				SDKROOT = iphoneos;
				SWIFT_COMPILATION_MODE = wholemodule;
				SWIFT_OPTIMIZATION_LEVEL = "-O";
				VALIDATE_PRODUCT = YES;
			};
			name = Release;
		};
		24AD457F2621FCEE0080C38D /* Debug */ = {
			isa = XCBuildConfiguration;
			buildSettings = {
				ASSETCATALOG_COMPILER_APPICON_NAME = AppIcon;
				ASSETCATALOG_COMPILER_GLOBAL_ACCENT_COLOR_NAME = AccentColor;
				CODE_SIGN_STYLE = Automatic;
				DEVELOPMENT_TEAM = NKBC2RU772;
				INFOPLIST_FILE = "Github Users/Info.plist";
				IPHONEOS_DEPLOYMENT_TARGET = 14.0;
				LD_RUNPATH_SEARCH_PATHS = (
					"$(inherited)",
					"@executable_path/Frameworks",
				);
				PRODUCT_BUNDLE_IDENTIFIER = "Dawid-Jozwiak.Github-Users";
				PRODUCT_NAME = "$(TARGET_NAME)";
				SWIFT_VERSION = 5.0;
				TARGETED_DEVICE_FAMILY = "1,2";
			};
			name = Debug;
		};
		24AD45802621FCEE0080C38D /* Release */ = {
			isa = XCBuildConfiguration;
			buildSettings = {
				ASSETCATALOG_COMPILER_APPICON_NAME = AppIcon;
				ASSETCATALOG_COMPILER_GLOBAL_ACCENT_COLOR_NAME = AccentColor;
				CODE_SIGN_STYLE = Automatic;
				DEVELOPMENT_TEAM = NKBC2RU772;
				INFOPLIST_FILE = "Github Users/Info.plist";
				IPHONEOS_DEPLOYMENT_TARGET = 14.0;
				LD_RUNPATH_SEARCH_PATHS = (
					"$(inherited)",
					"@executable_path/Frameworks",
				);
				PRODUCT_BUNDLE_IDENTIFIER = "Dawid-Jozwiak.Github-Users";
				PRODUCT_NAME = "$(TARGET_NAME)";
				SWIFT_VERSION = 5.0;
				TARGETED_DEVICE_FAMILY = "1,2";
			};
			name = Release;
		};
/* End XCBuildConfiguration section */

/* Begin XCConfigurationList section */
		24AD45652621FCE80080C38D /* Build configuration list for PBXProject "Github Users" */ = {
			isa = XCConfigurationList;
			buildConfigurations = (
				24AD457C2621FCEE0080C38D /* Debug */,
				24AD457D2621FCEE0080C38D /* Release */,
			);
			defaultConfigurationIsVisible = 0;
			defaultConfigurationName = Release;
		};
		24AD457E2621FCEE0080C38D /* Build configuration list for PBXNativeTarget "Github Users" */ = {
			isa = XCConfigurationList;
			buildConfigurations = (
				24AD457F2621FCEE0080C38D /* Debug */,
				24AD45802621FCEE0080C38D /* Release */,
			);
			defaultConfigurationIsVisible = 0;
			defaultConfigurationName = Release;
		};
/* End XCConfigurationList section */
	};
	rootObject = 24AD45622621FCE80080C38D /* Project object */;
}
